// !$*UTF8*$!
{
	archiveVersion = 1;
	classes = {
	};
	objectVersion = 77;
	objects = {

/* Begin PBXBuildFile section */
		731401362DC8044D00D40121 /* UploadViewModel.swift in Sources */ = {isa = PBXBuildFile; fileRef = 731401352DC8044D00D40121 /* UploadViewModel.swift */; };
		731401372DC8044D00D40121 /* UploadViewModel.swift in Sources */ = {isa = PBXBuildFile; fileRef = 731401352DC8044D00D40121 /* UploadViewModel.swift */; };
		733BB0DE2DC1DDBA007943C4 /* VideoThumbnailGenerator.swift in Sources */ = {isa = PBXBuildFile; fileRef = 733BB0DC2DC1DDBA007943C4 /* VideoThumbnailGenerator.swift */; };
		733BB0DF2DC1DDBA007943C4 /* UploadService.swift in Sources */ = {isa = PBXBuildFile; fileRef = 733BB0DB2DC1DDBA007943C4 /* UploadService.swift */; };
		733BB0E02DC1DDBA007943C4 /* VideoThumbnailGenerator.swift in Sources */ = {isa = PBXBuildFile; fileRef = 733BB0DC2DC1DDBA007943C4 /* VideoThumbnailGenerator.swift */; };
		733BB0E12DC1DDBA007943C4 /* UploadService.swift in Sources */ = {isa = PBXBuildFile; fileRef = 733BB0DB2DC1DDBA007943C4 /* UploadService.swift */; };
		739A22A92DC05A9900D4771C /* ShareExtension.appex in Embed Foundation Extensions */ = {isa = PBXBuildFile; fileRef = 739A229F2DC05A9900D4771C /* ShareExtension.appex */; settings = {ATTRIBUTES = (RemoveHeadersOnCopy, ); }; };
		CLINE2BUILDFILE01 /* APIClient.swift in Sources */ = {isa = PBXBuildFile; fileRef = CLINE2FILEREF01 /* APIClient.swift */; };
		CLINE2BUILDFILE02 /* APIClient.swift in Sources */ = {isa = PBXBuildFile; fileRef = CLINE2FILEREF01 /* APIClient.swift */; };
		CLINE3BUILDFILE01 /* APIConfiguration.swift in Sources */ = {isa = PBXBuildFile; fileRef = CLINE3FILEREF01 /* APIConfiguration.swift */; };
		CLINE3BUILDFILE02 /* APIConfiguration.swift in Sources */ = {isa = PBXBuildFile; fileRef = CLINE3FILEREF01 /* APIConfiguration.swift */; };
		CLINE4BUILDFILE01 /* UploadResponse.swift in Sources */ = {isa = PBXBuildFile; fileRef = CLINE4FILEREF01 /* UploadResponse.swift */; };
		CLINE4BUILDFILE02 /* UploadResponse.swift in Sources */ = {isa = PBXBuildFile; fileRef = CLINE4FILEREF01 /* UploadResponse.swift */; };
		CLINE5BUILDFILE01 /* SuccessView.swift in Sources */ = {isa = PBXBuildFile; fileRef = CLINE5FILEREF01 /* SuccessView.swift */; };
		CLINE5BUILDFILE02 /* SuccessView.swift in Sources */ = {isa = PBXBuildFile; fileRef = CLINE5FILEREF01 /* SuccessView.swift */; };
		CLINEBUILDFILE01 /* ConfigurationManager.swift in Sources */ = {isa = PBXBuildFile; fileRef = CLINEFILEREF01 /* ConfigurationManager.swift */; };
		CLINEBUILDFILE02 /* ConfigurationManager.swift in Sources */ = {isa = PBXBuildFile; fileRef = CLINEFILEREF01 /* ConfigurationManager.swift */; };
/* End PBXBuildFile section */

/* Begin PBXContainerItemProxy section */
		739A22A72DC05A9900D4771C /* PBXContainerItemProxy */ = {
			isa = PBXContainerItemProxy;
			containerPortal = 739B28D92D8F07D100B0A6F2 /* Project object */;
			proxyType = 1;
			remoteGlobalIDString = 739A229E2DC05A9900D4771C;
			remoteInfo = ShareExtension;
		};
		739B28F22D8F07D200B0A6F2 /* PBXContainerItemProxy */ = {
			isa = PBXContainerItemProxy;
			containerPortal = 739B28D92D8F07D100B0A6F2 /* Project object */;
			proxyType = 1;
			remoteGlobalIDString = 739B28E02D8F07D100B0A6F2;
			remoteInfo = sendboats;
		};
		739B28FC2D8F07D200B0A6F2 /* PBXContainerItemProxy */ = {
			isa = PBXContainerItemProxy;
			containerPortal = 739B28D92D8F07D100B0A6F2 /* Project object */;
			proxyType = 1;
			remoteGlobalIDString = 739B28E02D8F07D100B0A6F2;
			remoteInfo = sendboats;
		};
/* End PBXContainerItemProxy section */

/* Begin PBXCopyFilesBuildPhase section */
		739A22AE2DC05A9900D4771C /* Embed Foundation Extensions */ = {
			isa = PBXCopyFilesBuildPhase;
			buildActionMask = 2147483647;
			dstPath = "";
			dstSubfolderSpec = 13;
			files = (
				739A22A92DC05A9900D4771C /* ShareExtension.appex in Embed Foundation Extensions */,
			);
			name = "Embed Foundation Extensions";
			runOnlyForDeploymentPostprocessing = 0;
		};
/* End PBXCopyFilesBuildPhase section */

/* Begin PBXFileReference section */
		731401352DC8044D00D40121 /* UploadViewModel.swift */ = {isa = PBXFileReference; lastKnownFileType = sourcecode.swift; path = UploadViewModel.swift; sourceTree = "<group>"; };
		733BB0DB2DC1DDBA007943C4 /* UploadService.swift */ = {isa = PBXFileReference; lastKnownFileType = sourcecode.swift; path = UploadService.swift; sourceTree = "<group>"; };
		733BB0DC2DC1DDBA007943C4 /* VideoThumbnailGenerator.swift */ = {isa = PBXFileReference; lastKnownFileType = sourcecode.swift; path = VideoThumbnailGenerator.swift; sourceTree = "<group>"; };
		739A229F2DC05A9900D4771C /* ShareExtension.appex */ = {isa = PBXFileReference; explicitFileType = "wrapper.app-extension"; includeInIndex = 0; path = ShareExtension.appex; sourceTree = BUILT_PRODUCTS_DIR; };
		739B28E12D8F07D100B0A6F2 /* sendboats.app */ = {isa = PBXFileReference; explicitFileType = wrapper.application; includeInIndex = 0; path = sendboats.app; sourceTree = BUILT_PRODUCTS_DIR; };
		739B28F12D8F07D200B0A6F2 /* sendboatsTests.xctest */ = {isa = PBXFileReference; explicitFileType = wrapper.cfbundle; includeInIndex = 0; path = sendboatsTests.xctest; sourceTree = BUILT_PRODUCTS_DIR; };
		739B28FB2D8F07D200B0A6F2 /* sendboatsUITests.xctest */ = {isa = PBXFileReference; explicitFileType = wrapper.cfbundle; includeInIndex = 0; path = sendboatsUITests.xctest; sourceTree = BUILT_PRODUCTS_DIR; };
		CLINE2FILEREF01 /* APIClient.swift */ = {isa = PBXFileReference; lastKnownFileType = sourcecode.swift; path = APIClient.swift; sourceTree = "<group>"; };
		CLINE3FILEREF01 /* APIConfiguration.swift */ = {isa = PBXFileReference; lastKnownFileType = sourcecode.swift; path = APIConfiguration.swift; sourceTree = "<group>"; };
		CLINE4FILEREF01 /* UploadResponse.swift */ = {isa = PBXFileReference; lastKnownFileType = sourcecode.swift; path = UploadResponse.swift; sourceTree = "<group>"; };
		CLINE5FILEREF01 /* SuccessView.swift */ = {isa = PBXFileReference; lastKnownFileType = sourcecode.swift; path = SuccessView.swift; sourceTree = "<group>"; };
		CLINEFILEREF01 /* ConfigurationManager.swift */ = {isa = PBXFileReference; lastKnownFileType = sourcecode.swift; path = ConfigurationManager.swift; sourceTree = "<group>"; };
/* End PBXFileReference section */

/* Begin PBXFileSystemSynchronizedBuildFileExceptionSet section */
		73201E942D9079E3008416C1 /* Exceptions for "sendboats" folder in "sendboats" target */ = {
			isa = PBXFileSystemSynchronizedBuildFileExceptionSet;
			membershipExceptions = (
				Info.plist,
			);
			target = 739B28E02D8F07D100B0A6F2 /* sendboats */;
		};
		733BB0E32DC1DE68007943C4 /* Exceptions for "sendboats" folder in "ShareExtension" target */ = {
			isa = PBXFileSystemSynchronizedBuildFileExceptionSet;
			membershipExceptions = (
				Views/URLDisplayView.swift,
			);
			target = 739A229E2DC05A9900D4771C /* ShareExtension */;
		};
		739A22AD2DC05A9900D4771C /* Exceptions for "ShareExtension" folder in "ShareExtension" target */ = {
			isa = PBXFileSystemSynchronizedBuildFileExceptionSet;
			membershipExceptions = (
				Info.plist,
			);
			target = 739A229E2DC05A9900D4771C /* ShareExtension */;
		};
/* End PBXFileSystemSynchronizedBuildFileExceptionSet section */

/* Begin PBXFileSystemSynchronizedRootGroup section */
		739A22A02DC05A9900D4771C /* ShareExtension */ = {
			isa = PBXFileSystemSynchronizedRootGroup;
			exceptions = (
				739A22AD2DC05A9900D4771C /* Exceptions for "ShareExtension" folder in "ShareExtension" target */,
			);
			path = ShareExtension;
			sourceTree = "<group>";
		};
		739B28E32D8F07D100B0A6F2 /* sendboats */ = {
			isa = PBXFileSystemSynchronizedRootGroup;
			exceptions = (
				73201E942D9079E3008416C1 /* Exceptions for "sendboats" folder in "sendboats" target */,
				733BB0E32DC1DE68007943C4 /* Exceptions for "sendboats" folder in "ShareExtension" target */,
			);
			path = sendboats;
			sourceTree = "<group>";
		};
		739B28F42D8F07D200B0A6F2 /* sendboatsTests */ = {
			isa = PBXFileSystemSynchronizedRootGroup;
			path = sendboatsTests;
			sourceTree = "<group>";
		};
		739B28FE2D8F07D200B0A6F2 /* sendboatsUITests */ = {
			isa = PBXFileSystemSynchronizedRootGroup;
			path = sendboatsUITests;
			sourceTree = "<group>";
		};
/* End PBXFileSystemSynchronizedRootGroup section */

/* Begin PBXFrameworksBuildPhase section */
		739A229C2DC05A9900D4771C /* Frameworks */ = {
			isa = PBXFrameworksBuildPhase;
			buildActionMask = 2147483647;
			files = (
			);
			runOnlyForDeploymentPostprocessing = 0;
		};
		739B28DE2D8F07D100B0A6F2 /* Frameworks */ = {
			isa = PBXFrameworksBuildPhase;
			buildActionMask = 2147483647;
			files = (
			);
			runOnlyForDeploymentPostprocessing = 0;
		};
		739B28EE2D8F07D200B0A6F2 /* Frameworks */ = {
			isa = PBXFrameworksBuildPhase;
			buildActionMask = 2147483647;
			files = (
			);
			runOnlyForDeploymentPostprocessing = 0;
		};
		739B28F82D8F07D200B0A6F2 /* Frameworks */ = {
			isa = PBXFrameworksBuildPhase;
			buildActionMask = 2147483647;
			files = (
			);
			runOnlyForDeploymentPostprocessing = 0;
		};
/* End PBXFrameworksBuildPhase section */

/* Begin PBXGroup section */
		733BB0DD2DC1DDBA007943C4 /* SharedCode */ = {
			isa = PBXGroup;
			children = (
				733BB0DB2DC1DDBA007943C4 /* UploadService.swift */,
				733BB0DC2DC1DDBA007943C4 /* VideoThumbnailGenerator.swift */,
				731401352DC8044D00D40121 /* UploadViewModel.swift */,
				CLINEFILEREF01 /* ConfigurationManager.swift */,
				CLINE2FILEREF01 /* APIClient.swift */,
				CLINE3FILEREF01 /* APIConfiguration.swift */,
				CLINE4FILEREF01 /* UploadResponse.swift */,
				CLINE5FILEREF01 /* SuccessView.swift */,
			);
			path = SharedCode;
			sourceTree = "<group>";
		};
		739B28D82D8F07D100B0A6F2 = {
			isa = PBXGroup;
			children = (
				733BB0DD2DC1DDBA007943C4 /* SharedCode */,
				739B28E32D8F07D100B0A6F2 /* sendboats */,
				739B28F42D8F07D200B0A6F2 /* sendboatsTests */,
				739B28FE2D8F07D200B0A6F2 /* sendboatsUITests */,
				739A22A02DC05A9900D4771C /* ShareExtension */,
				739B28E22D8F07D100B0A6F2 /* Products */,
			);
			sourceTree = "<group>";
		};
		739B28E22D8F07D100B0A6F2 /* Products */ = {
			isa = PBXGroup;
			children = (
				739B28E12D8F07D100B0A6F2 /* sendboats.app */,
				739B28F12D8F07D200B0A6F2 /* sendboatsTests.xctest */,
				739B28FB2D8F07D200B0A6F2 /* sendboatsUITests.xctest */,
				739A229F2DC05A9900D4771C /* ShareExtension.appex */,
			);
			name = Products;
			sourceTree = "<group>";
		};
/* End PBXGroup section */

/* Begin PBXNativeTarget section */
		739A229E2DC05A9900D4771C /* ShareExtension */ = {
			isa = PBXNativeTarget;
			buildConfigurationList = 739A22AA2DC05A9900D4771C /* Build configuration list for PBXNativeTarget "ShareExtension" */;
			buildPhases = (
				739A229B2DC05A9900D4771C /* Sources */,
				739A229C2DC05A9900D4771C /* Frameworks */,
				739A229D2DC05A9900D4771C /* Resources */,
			);
			buildRules = (
			);
			dependencies = (
			);
			fileSystemSynchronizedGroups = (
				739A22A02DC05A9900D4771C /* ShareExtension */,
			);
			name = ShareExtension;
			packageProductDependencies = (
			);
			productName = ShareExtension;
			productReference = 739A229F2DC05A9900D4771C /* ShareExtension.appex */;
			productType = "com.apple.product-type.app-extension";
		};
		739B28E02D8F07D100B0A6F2 /* sendboats */ = {
			isa = PBXNativeTarget;
			buildConfigurationList = 739B29052D8F07D200B0A6F2 /* Build configuration list for PBXNativeTarget "sendboats" */;
			buildPhases = (
				739B28DD2D8F07D100B0A6F2 /* Sources */,
				739B28DE2D8F07D100B0A6F2 /* Frameworks */,
				739B28DF2D8F07D100B0A6F2 /* Resources */,
				739A22AE2DC05A9900D4771C /* Embed Foundation Extensions */,
			);
			buildRules = (
			);
			dependencies = (
				739A22A82DC05A9900D4771C /* PBXTargetDependency */,
			);
			fileSystemSynchronizedGroups = (
				739B28E32D8F07D100B0A6F2 /* sendboats */,
			);
			name = sendboats;
			packageProductDependencies = (
			);
			productName = sendboats;
			productReference = 739B28E12D8F07D100B0A6F2 /* sendboats.app */;
			productType = "com.apple.product-type.application";
		};
		739B28F02D8F07D200B0A6F2 /* sendboatsTests */ = {
			isa = PBXNativeTarget;
			buildConfigurationList = 739B29082D8F07D200B0A6F2 /* Build configuration list for PBXNativeTarget "sendboatsTests" */;
			buildPhases = (
				739B28ED2D8F07D200B0A6F2 /* Sources */,
				739B28EE2D8F07D200B0A6F2 /* Frameworks */,
				739B28EF2D8F07D200B0A6F2 /* Resources */,
			);
			buildRules = (
			);
			dependencies = (
				739B28F32D8F07D200B0A6F2 /* PBXTargetDependency */,
			);
			fileSystemSynchronizedGroups = (
				739B28F42D8F07D200B0A6F2 /* sendboatsTests */,
			);
			name = sendboatsTests;
			packageProductDependencies = (
			);
			productName = sendboatsTests;
			productReference = 739B28F12D8F07D200B0A6F2 /* sendboatsTests.xctest */;
			productType = "com.apple.product-type.bundle.unit-test";
		};
		739B28FA2D8F07D200B0A6F2 /* sendboatsUITests */ = {
			isa = PBXNativeTarget;
			buildConfigurationList = 739B290B2D8F07D200B0A6F2 /* Build configuration list for PBXNativeTarget "sendboatsUITests" */;
			buildPhases = (
				739B28F72D8F07D200B0A6F2 /* Sources */,
				739B28F82D8F07D200B0A6F2 /* Frameworks */,
				739B28F92D8F07D200B0A6F2 /* Resources */,
			);
			buildRules = (
			);
			dependencies = (
				739B28FD2D8F07D200B0A6F2 /* PBXTargetDependency */,
			);
			fileSystemSynchronizedGroups = (
				739B28FE2D8F07D200B0A6F2 /* sendboatsUITests */,
			);
			name = sendboatsUITests;
			packageProductDependencies = (
			);
			productName = sendboatsUITests;
			productReference = 739B28FB2D8F07D200B0A6F2 /* sendboatsUITests.xctest */;
			productType = "com.apple.product-type.bundle.ui-testing";
		};
/* End PBXNativeTarget section */

/* Begin PBXProject section */
		739B28D92D8F07D100B0A6F2 /* Project object */ = {
			isa = PBXProject;
			attributes = {
				BuildIndependentTargetsInParallel = 1;
				LastSwiftUpdateCheck = 1630;
				LastUpgradeCheck = 1620;
				TargetAttributes = {
					739A229E2DC05A9900D4771C = {
						CreatedOnToolsVersion = 16.3;
					};
					739B28E02D8F07D100B0A6F2 = {
						CreatedOnToolsVersion = 16.2;
					};
					739B28F02D8F07D200B0A6F2 = {
						CreatedOnToolsVersion = 16.2;
						TestTargetID = 739B28E02D8F07D100B0A6F2;
					};
					739B28FA2D8F07D200B0A6F2 = {
						CreatedOnToolsVersion = 16.2;
						TestTargetID = 739B28E02D8F07D100B0A6F2;
					};
				};
			};
			buildConfigurationList = 739B28DC2D8F07D100B0A6F2 /* Build configuration list for PBXProject "sendboats" */;
			developmentRegion = en;
			hasScannedForEncodings = 0;
			knownRegions = (
				en,
				Base,
			);
			mainGroup = 739B28D82D8F07D100B0A6F2;
			minimizedProjectReferenceProxies = 1;
			preferredProjectObjectVersion = 77;
			productRefGroup = 739B28E22D8F07D100B0A6F2 /* Products */;
			projectDirPath = "";
			projectRoot = "";
			targets = (
				739B28E02D8F07D100B0A6F2 /* sendboats */,
				739B28F02D8F07D200B0A6F2 /* sendboatsTests */,
				739B28FA2D8F07D200B0A6F2 /* sendboatsUITests */,
				739A229E2DC05A9900D4771C /* ShareExtension */,
			);
		};
/* End PBXProject section */

/* Begin PBXResourcesBuildPhase section */
		739A229D2DC05A9900D4771C /* Resources */ = {
			isa = PBXResourcesBuildPhase;
			buildActionMask = 2147483647;
			files = (
			);
			runOnlyForDeploymentPostprocessing = 0;
		};
		739B28DF2D8F07D100B0A6F2 /* Resources */ = {
			isa = PBXResourcesBuildPhase;
			buildActionMask = 2147483647;
			files = (
			);
			runOnlyForDeploymentPostprocessing = 0;
		};
		739B28EF2D8F07D200B0A6F2 /* Resources */ = {
			isa = PBXResourcesBuildPhase;
			buildActionMask = 2147483647;
			files = (
			);
			runOnlyForDeploymentPostprocessing = 0;
		};
		739B28F92D8F07D200B0A6F2 /* Resources */ = {
			isa = PBXResourcesBuildPhase;
			buildActionMask = 2147483647;
			files = (
			);
			runOnlyForDeploymentPostprocessing = 0;
		};
/* End PBXResourcesBuildPhase section */

/* Begin PBXSourcesBuildPhase section */
		739A229B2DC05A9900D4771C /* Sources */ = {
			isa = PBXSourcesBuildPhase;
			buildActionMask = 2147483647;
			files = (
				733BB0E02DC1DDBA007943C4 /* VideoThumbnailGenerator.swift in Sources */,
				731401372DC8044D00D40121 /* UploadViewModel.swift in Sources */,
				733BB0E12DC1DDBA007943C4 /* UploadService.swift in Sources */,
				CLINEBUILDFILE02 /* ConfigurationManager.swift in Sources */,
				CLINE2BUILDFILE02 /* APIClient.swift in Sources */,
				CLINE3BUILDFILE02 /* APIConfiguration.swift in Sources */,
				CLINE4BUILDFILE02 /* UploadResponse.swift in Sources */,
				CLINE5BUILDFILE02 /* SuccessView.swift in Sources */,
			);
			runOnlyForDeploymentPostprocessing = 0;
		};
		739B28DD2D8F07D100B0A6F2 /* Sources */ = {
			isa = PBXSourcesBuildPhase;
			buildActionMask = 2147483647;
			files = (
				733BB0DE2DC1DDBA007943C4 /* VideoThumbnailGenerator.swift in Sources */,
				733BB0DF2DC1DDBA007943C4 /* UploadService.swift in Sources */,
				731401362DC8044D00D40121 /* UploadViewModel.swift in Sources */,
				CLINEBUILDFILE01 /* ConfigurationManager.swift in Sources */,
				CLINE2BUILDFILE01 /* APIClient.swift in Sources */,
				CLINE3BUILDFILE01 /* APIConfiguration.swift in Sources */,
				CLINE4BUILDFILE01 /* UploadResponse.swift in Sources */,
				CLINE5BUILDFILE01 /* SuccessView.swift in Sources */,
			);
			runOnlyForDeploymentPostprocessing = 0;
		};
		739B28ED2D8F07D200B0A6F2 /* Sources */ = {
			isa = PBXSourcesBuildPhase;
			buildActionMask = 2147483647;
			files = (
			);
			runOnlyForDeploymentPostprocessing = 0;
		};
		739B28F72D8F07D200B0A6F2 /* Sources */ = {
			isa = PBXSourcesBuildPhase;
			buildActionMask = 2147483647;
			files = (
			);
			runOnlyForDeploymentPostprocessing = 0;
		};
/* End PBXSourcesBuildPhase section */

/* Begin PBXTargetDependency section */
		739A22A82DC05A9900D4771C /* PBXTargetDependency */ = {
			isa = PBXTargetDependency;
			target = 739A229E2DC05A9900D4771C /* ShareExtension */;
			targetProxy = 739A22A72DC05A9900D4771C /* PBXContainerItemProxy */;
		};
		739B28F32D8F07D200B0A6F2 /* PBXTargetDependency */ = {
			isa = PBXTargetDependency;
			target = 739B28E02D8F07D100B0A6F2 /* sendboats */;
			targetProxy = 739B28F22D8F07D200B0A6F2 /* PBXContainerItemProxy */;
		};
		739B28FD2D8F07D200B0A6F2 /* PBXTargetDependency */ = {
			isa = PBXTargetDependency;
			target = 739B28E02D8F07D100B0A6F2 /* sendboats */;
			targetProxy = 739B28FC2D8F07D200B0A6F2 /* PBXContainerItemProxy */;
		};
/* End PBXTargetDependency section */

/* Begin XCBuildConfiguration section */
		739A22AB2DC05A9900D4771C /* Debug */ = {
			isa = XCBuildConfiguration;
			buildSettings = {
				CODE_SIGN_ENTITLEMENTS = ShareExtension/ShareExtension.entitlements;
				CODE_SIGN_STYLE = Automatic;
				CURRENT_PROJECT_VERSION = 1;
				DEVELOPMENT_TEAM = 9W54YB5T38;
				GENERATE_INFOPLIST_FILE = YES;
				INFOPLIST_FILE = ShareExtension/Info.plist;
				INFOPLIST_KEY_CFBundleDisplayName = ShareExtension;
				INFOPLIST_KEY_NSHumanReadableCopyright = "";
				IPHONEOS_DEPLOYMENT_TARGET = 18.0;
				LD_RUNPATH_SEARCH_PATHS = (
					"$(inherited)",
					"@executable_path/Frameworks",
					"@executable_path/../../Frameworks",
				);
				MARKETING_VERSION = 1.0;
				PRODUCT_BUNDLE_IDENTIFIER = jsdf.sendboats.ShareExtension;
				PRODUCT_NAME = "$(TARGET_NAME)";
				SKIP_INSTALL = YES;
				SWIFT_EMIT_LOC_STRINGS = YES;
				SWIFT_VERSION = 5.0;
				TARGETED_DEVICE_FAMILY = "1,2";
			};
			name = Debug;
		};
		739A22AC2DC05A9900D4771C /* Release */ = {
			isa = XCBuildConfiguration;
			buildSettings = {
				CODE_SIGN_ENTITLEMENTS = ShareExtension/ShareExtension.entitlements;
				CODE_SIGN_STYLE = Automatic;
				CURRENT_PROJECT_VERSION = 1;
				DEVELOPMENT_TEAM = 9W54YB5T38;
				GENERATE_INFOPLIST_FILE = YES;
				INFOPLIST_FILE = ShareExtension/Info.plist;
				INFOPLIST_KEY_CFBundleDisplayName = ShareExtension;
				INFOPLIST_KEY_NSHumanReadableCopyright = "";
				IPHONEOS_DEPLOYMENT_TARGET = 18.0;
				LD_RUNPATH_SEARCH_PATHS = (
					"$(inherited)",
					"@executable_path/Frameworks",
					"@executable_path/../../Frameworks",
				);
				MARKETING_VERSION = 1.0;
				PRODUCT_BUNDLE_IDENTIFIER = jsdf.sendboats.ShareExtension;
				PRODUCT_NAME = "$(TARGET_NAME)";
				SKIP_INSTALL = YES;
				SWIFT_EMIT_LOC_STRINGS = YES;
				SWIFT_VERSION = 5.0;
				TARGETED_DEVICE_FAMILY = "1,2";
			};
			name = Release;
		};
		739B29032D8F07D200B0A6F2 /* Debug */ = {
			isa = XCBuildConfiguration;
			buildSettings = {
				ALWAYS_SEARCH_USER_PATHS = NO;
				ASSETCATALOG_COMPILER_GENERATE_SWIFT_ASSET_SYMBOL_EXTENSIONS = YES;
				CLANG_ANALYZER_NONNULL = YES;
				CLANG_ANALYZER_NUMBER_OBJECT_CONVERSION = YES_AGGRESSIVE;
				CLANG_CXX_LANGUAGE_STANDARD = "gnu++20";
				CLANG_ENABLE_MODULES = YES;
				CLANG_ENABLE_OBJC_ARC = YES;
				CLANG_ENABLE_OBJC_WEAK = YES;
				CLANG_WARN_BLOCK_CAPTURE_AUTORELEASING = YES;
				CLANG_WARN_BOOL_CONVERSION = YES;
				CLANG_WARN_COMMA = YES;
				CLANG_WARN_CONSTANT_CONVERSION = YES;
				CLANG_WARN_DEPRECATED_OBJC_IMPLEMENTATIONS = YES;
				CLANG_WARN_DIRECT_OBJC_ISA_USAGE = YES_ERROR;
				CLANG_WARN_DOCUMENTATION_COMMENTS = YES;
				CLANG_WARN_EMPTY_BODY = YES;
				CLANG_WARN_ENUM_CONVERSION = YES;
				CLANG_WARN_INFINITE_RECURSION = YES;
				CLANG_WARN_INT_CONVERSION = YES;
				CLANG_WARN_NON_LITERAL_NULL_CONVERSION = YES;
				CLANG_WARN_OBJC_IMPLICIT_RETAIN_SELF = YES;
				CLANG_WARN_OBJC_LITERAL_CONVERSION = YES;
				CLANG_WARN_OBJC_ROOT_CLASS = YES_ERROR;
				CLANG_WARN_QUOTED_INCLUDE_IN_FRAMEWORK_HEADER = YES;
				CLANG_WARN_RANGE_LOOP_ANALYSIS = YES;
				CLANG_WARN_STRICT_PROTOTYPES = YES;
				CLANG_WARN_SUSPICIOUS_MOVE = YES;
				CLANG_WARN_UNGUARDED_AVAILABILITY = YES_AGGRESSIVE;
				CLANG_WARN_UNREACHABLE_CODE = YES;
				CLANG_WARN__DUPLICATE_METHOD_MATCH = YES;
				COPY_PHASE_STRIP = NO;
				DEBUG_INFORMATION_FORMAT = dwarf;
				ENABLE_STRICT_OBJC_MSGSEND = YES;
				ENABLE_TESTABILITY = YES;
				ENABLE_USER_SCRIPT_SANDBOXING = YES;
				GCC_C_LANGUAGE_STANDARD = gnu17;
				GCC_DYNAMIC_NO_PIC = NO;
				GCC_NO_COMMON_BLOCKS = YES;
				GCC_OPTIMIZATION_LEVEL = 0;
				GCC_PREPROCESSOR_DEFINITIONS = (
					"DEBUG=1",
					"$(inherited)",
				);
				GCC_WARN_64_TO_32_BIT_CONVERSION = YES;
				GCC_WARN_ABOUT_RETURN_TYPE = YES_ERROR;
				GCC_WARN_UNDECLARED_SELECTOR = YES;
				GCC_WARN_UNINITIALIZED_AUTOS = YES_AGGRESSIVE;
				GCC_WARN_UNUSED_FUNCTION = YES;
				GCC_WARN_UNUSED_VARIABLE = YES;
				IPHONEOS_DEPLOYMENT_TARGET = 18.0;
				LOCALIZATION_PREFERS_STRING_CATALOGS = YES;
				MTL_ENABLE_DEBUG_INFO = INCLUDE_SOURCE;
				MTL_FAST_MATH = YES;
				ONLY_ACTIVE_ARCH = YES;
				SDKROOT = iphoneos;
				SWIFT_ACTIVE_COMPILATION_CONDITIONS = "DEBUG $(inherited)";
				SWIFT_OPTIMIZATION_LEVEL = "-Onone";
			};
			name = Debug;
		};
		739B29042D8F07D200B0A6F2 /* Release */ = {
			isa = XCBuildConfiguration;
			buildSettings = {
				ALWAYS_SEARCH_USER_PATHS = NO;
				ASSETCATALOG_COMPILER_GENERATE_SWIFT_ASSET_SYMBOL_EXTENSIONS = YES;
				CLANG_ANALYZER_NONNULL = YES;
				CLANG_ANALYZER_NUMBER_OBJECT_CONVERSION = YES_AGGRESSIVE;
				CLANG_CXX_LANGUAGE_STANDARD = "gnu++20";
				CLANG_ENABLE_MODULES = YES;
				CLANG_ENABLE_OBJC_ARC = YES;
				CLANG_ENABLE_OBJC_WEAK = YES;
				CLANG_WARN_BLOCK_CAPTURE_AUTORELEASING = YES;
				CLANG_WARN_BOOL_CONVERSION = YES;
				CLANG_WARN_COMMA = YES;
				CLANG_WARN_CONSTANT_CONVERSION = YES;
				CLANG_WARN_DEPRECATED_OBJC_IMPLEMENTATIONS = YES;
				CLANG_WARN_DIRECT_OBJC_ISA_USAGE = YES_ERROR;
				CLANG_WARN_DOCUMENTATION_COMMENTS = YES;
				CLANG_WARN_EMPTY_BODY = YES;
				CLANG_WARN_ENUM_CONVERSION = YES;
				CLANG_WARN_INFINITE_RECURSION = YES;
				CLANG_WARN_INT_CONVERSION = YES;
				CLANG_WARN_NON_LITERAL_NULL_CONVERSION = YES;
				CLANG_WARN_OBJC_IMPLICIT_RETAIN_SELF = YES;
				CLANG_WARN_OBJC_LITERAL_CONVERSION = YES;
				CLANG_WARN_OBJC_ROOT_CLASS = YES_ERROR;
				CLANG_WARN_QUOTED_INCLUDE_IN_FRAMEWORK_HEADER = YES;
				CLANG_WARN_RANGE_LOOP_ANALYSIS = YES;
				CLANG_WARN_STRICT_PROTOTYPES = YES;
				CLANG_WARN_SUSPICIOUS_MOVE = YES;
				CLANG_WARN_UNGUARDED_AVAILABILITY = YES_AGGRESSIVE;
				CLANG_WARN_UNREACHABLE_CODE = YES;
				CLANG_WARN__DUPLICATE_METHOD_MATCH = YES;
				COPY_PHASE_STRIP = NO;
				DEBUG_INFORMATION_FORMAT = "dwarf-with-dsym";
				ENABLE_NS_ASSERTIONS = NO;
				ENABLE_STRICT_OBJC_MSGSEND = YES;
				ENABLE_USER_SCRIPT_SANDBOXING = YES;
				GCC_C_LANGUAGE_STANDARD = gnu17;
				GCC_NO_COMMON_BLOCKS = YES;
				GCC_WARN_64_TO_32_BIT_CONVERSION = YES;
				GCC_WARN_ABOUT_RETURN_TYPE = YES_ERROR;
				GCC_WARN_UNDECLARED_SELECTOR = YES;
				GCC_WARN_UNINITIALIZED_AUTOS = YES_AGGRESSIVE;
				GCC_WARN_UNUSED_FUNCTION = YES;
				GCC_WARN_UNUSED_VARIABLE = YES;
				IPHONEOS_DEPLOYMENT_TARGET = 18.0;
				LOCALIZATION_PREFERS_STRING_CATALOGS = YES;
				MTL_ENABLE_DEBUG_INFO = NO;
				MTL_FAST_MATH = YES;
				SDKROOT = iphoneos;
				SWIFT_COMPILATION_MODE = wholemodule;
				VALIDATE_PRODUCT = YES;
			};
			name = Release;
		};
		739B29062D8F07D200B0A6F2 /* Debug */ = {
			isa = XCBuildConfiguration;
			buildSettings = {
				ASSETCATALOG_COMPILER_APPICON_NAME = AppIcon;
				ASSETCATALOG_COMPILER_GLOBAL_ACCENT_COLOR_NAME = AccentColor;
				CODE_SIGN_ENTITLEMENTS = sendboats/sendboats.entitlements;
				CODE_SIGN_IDENTITY = "Apple Development";
				CODE_SIGN_STYLE = Automatic;
				CURRENT_PROJECT_VERSION = 1;
				DEVELOPMENT_ASSET_PATHS = "\"sendboats/Preview Content\"";
				DEVELOPMENT_TEAM = 9W54YB5T38;
				ENABLE_PREVIEWS = YES;
				GENERATE_INFOPLIST_FILE = YES;
				INFOPLIST_FILE = sendboats/Info.plist;
				INFOPLIST_KEY_LSSupportsOpeningDocumentsInPlace = YES;
				INFOPLIST_KEY_NSDocumentsFolderUsageDescription = "We need to access your documents to upload files.";
				INFOPLIST_KEY_NSPhotoLibraryUsageDescription = "This app needs access to your photos to upload images and videos.";
				INFOPLIST_KEY_UIApplicationSceneManifest_Generation = YES;
				INFOPLIST_KEY_UIApplicationSupportsIndirectInputEvents = YES;
				INFOPLIST_KEY_UILaunchScreen_Generation = YES;
				INFOPLIST_KEY_UISupportedInterfaceOrientations_iPad = "UIInterfaceOrientationPortrait UIInterfaceOrientationPortraitUpsideDown UIInterfaceOrientationLandscapeLeft UIInterfaceOrientationLandscapeRight";
				INFOPLIST_KEY_UISupportedInterfaceOrientations_iPhone = "UIInterfaceOrientationPortrait UIInterfaceOrientationLandscapeLeft UIInterfaceOrientationLandscapeRight";
				LD_RUNPATH_SEARCH_PATHS = (
					"$(inherited)",
					"@executable_path/Frameworks",
				);
				MARKETING_VERSION = 1.0;
				PRODUCT_BUNDLE_IDENTIFIER = jsdf.sendboats;
				PRODUCT_NAME = "$(TARGET_NAME)";
				PROVISIONING_PROFILE_SPECIFIER = "";
				SWIFT_EMIT_LOC_STRINGS = YES;
				SWIFT_VERSION = 5.0;
				TARGETED_DEVICE_FAMILY = "1,2";
			};
			name = Debug;
		};
		739B29072D8F07D200B0A6F2 /* Release */ = {
			isa = XCBuildConfiguration;
			buildSettings = {
				ASSETCATALOG_COMPILER_APPICON_NAME = AppIcon;
				ASSETCATALOG_COMPILER_GLOBAL_ACCENT_COLOR_NAME = AccentColor;
				CODE_SIGN_ENTITLEMENTS = sendboats/sendboats.entitlements;
				CODE_SIGN_IDENTITY = "Apple Development";
				CODE_SIGN_STYLE = Automatic;
				CURRENT_PROJECT_VERSION = 1;
				DEVELOPMENT_ASSET_PATHS = "\"sendboats/Preview Content\"";
				DEVELOPMENT_TEAM = 9W54YB5T38;
				ENABLE_PREVIEWS = YES;
				GENERATE_INFOPLIST_FILE = YES;
				INFOPLIST_FILE = sendboats/Info.plist;
				INFOPLIST_KEY_LSSupportsOpeningDocumentsInPlace = YES;
				INFOPLIST_KEY_NSDocumentsFolderUsageDescription = "We need to access your documents to upload files.";
				INFOPLIST_KEY_NSPhotoLibraryUsageDescription = "This app needs access to your photos to upload images and videos.";
				INFOPLIST_KEY_UIApplicationSceneManifest_Generation = YES;
				INFOPLIST_KEY_UIApplicationSupportsIndirectInputEvents = YES;
				INFOPLIST_KEY_UILaunchScreen_Generation = YES;
				INFOPLIST_KEY_UISupportedInterfaceOrientations_iPad = "UIInterfaceOrientationPortrait UIInterfaceOrientationPortraitUpsideDown UIInterfaceOrientationLandscapeLeft UIInterfaceOrientationLandscapeRight";
				INFOPLIST_KEY_UISupportedInterfaceOrientations_iPhone = "UIInterfaceOrientationPortrait UIInterfaceOrientationLandscapeLeft UIInterfaceOrientationLandscapeRight";
				LD_RUNPATH_SEARCH_PATHS = (
					"$(inherited)",
					"@executable_path/Frameworks",
				);
				MARKETING_VERSION = 1.0;
				PRODUCT_BUNDLE_IDENTIFIER = jsdf.sendboats;
				PRODUCT_NAME = "$(TARGET_NAME)";
				PROVISIONING_PROFILE_SPECIFIER = "";
				SWIFT_EMIT_LOC_STRINGS = YES;
				SWIFT_VERSION = 5.0;
				TARGETED_DEVICE_FAMILY = "1,2";
			};
			name = Release;
		};
		739B29092D8F07D200B0A6F2 /* Debug */ = {
			isa = XCBuildConfiguration;
			buildSettings = {
				BUNDLE_LOADER = "$(TEST_HOST)";
				CODE_SIGN_STYLE = Automatic;
				CURRENT_PROJECT_VERSION = 1;
				DEVELOPMENT_TEAM = 9W54YB5T38;
				GENERATE_INFOPLIST_FILE = YES;
				IPHONEOS_DEPLOYMENT_TARGET = 18.2;
				MARKETING_VERSION = 1.0;
				PRODUCT_BUNDLE_IDENTIFIER = jsdf.sendboatsTests;
				PRODUCT_NAME = "$(TARGET_NAME)";
				SWIFT_EMIT_LOC_STRINGS = NO;
				SWIFT_VERSION = 5.0;
				TARGETED_DEVICE_FAMILY = "1,2";
				TEST_HOST = "$(BUILT_PRODUCTS_DIR)/sendboats.app/$(BUNDLE_EXECUTABLE_FOLDER_PATH)/sendboats";
			};
			name = Debug;
		};
		739B290A2D8F07D200B0A6F2 /* Release */ = {
			isa = XCBuildConfiguration;
			buildSettings = {
				BUNDLE_LOADER = "$(TEST_HOST)";
				CODE_SIGN_STYLE = Automatic;
				CURRENT_PROJECT_VERSION = 1;
				DEVELOPMENT_TEAM = 9W54YB5T38;
				GENERATE_INFOPLIST_FILE = YES;
				IPHONEOS_DEPLOYMENT_TARGET = 18.2;
				MARKETING_VERSION = 1.0;
				PRODUCT_BUNDLE_IDENTIFIER = jsdf.sendboatsTests;
				PRODUCT_NAME = "$(TARGET_NAME)";
				SWIFT_EMIT_LOC_STRINGS = NO;
				SWIFT_VERSION = 5.0;
				TARGETED_DEVICE_FAMILY = "1,2";
				TEST_HOST = "$(BUILT_PRODUCTS_DIR)/sendboats.app/$(BUNDLE_EXECUTABLE_FOLDER_PATH)/sendboats";
			};
			name = Release;
		};
		739B290C2D8F07D200B0A6F2 /* Debug */ = {
			isa = XCBuildConfiguration;
			buildSettings = {
				CODE_SIGN_STYLE = Automatic;
				CURRENT_PROJECT_VERSION = 1;
				DEVELOPMENT_TEAM = 9W54YB5T38;
				GENERATE_INFOPLIST_FILE = YES;
				MARKETING_VERSION = 1.0;
				PRODUCT_BUNDLE_IDENTIFIER = jsdf.sendboatsUITests;
				PRODUCT_NAME = "$(TARGET_NAME)";
				SWIFT_EMIT_LOC_STRINGS = NO;
				SWIFT_VERSION = 5.0;
				TARGETED_DEVICE_FAMILY = "1,2";
				TEST_TARGET_NAME = sendboats;
			};
			name = Debug;
		};
		739B290D2D8F07D200B0A6F2 /* Release */ = {
			isa = XCBuildConfiguration;
			buildSettings = {
				CODE_SIGN_STYLE = Automatic;
				CURRENT_PROJECT_VERSION = 1;
				DEVELOPMENT_TEAM = 9W54YB5T38;
				GENERATE_INFOPLIST_FILE = YES;
				MARKETING_VERSION = 1.0;
				PRODUCT_BUNDLE_IDENTIFIER = jsdf.sendboatsUITests;
				PRODUCT_NAME = "$(TARGET_NAME)";
				SWIFT_EMIT_LOC_STRINGS = NO;
				SWIFT_VERSION = 5.0;
				TARGETED_DEVICE_FAMILY = "1,2";
				TEST_TARGET_NAME = sendboats;
			};
			name = Release;
		};
/* End XCBuildConfiguration section */

/* Begin XCConfigurationList section */
		739A22AA2DC05A9900D4771C /* Build configuration list for PBXNativeTarget "ShareExtension" */ = {
			isa = XCConfigurationList;
			buildConfigurations = (
				739A22AB2DC05A9900D4771C /* Debug */,
				739A22AC2DC05A9900D4771C /* Release */,
			);
			defaultConfigurationIsVisible = 0;
			defaultConfigurationName = Release;
		};
		739B28DC2D8F07D100B0A6F2 /* Build configuration list for PBXProject "sendboats" */ = {
			isa = XCConfigurationList;
			buildConfigurations = (
				739B29032D8F07D200B0A6F2 /* Debug */,
				739B29042D8F07D200B0A6F2 /* Release */,
			);
			defaultConfigurationIsVisible = 0;
			defaultConfigurationName = Release;
		};
		739B29052D8F07D200B0A6F2 /* Build configuration list for PBXNativeTarget "sendboats" */ = {
			isa = XCConfigurationList;
			buildConfigurations = (
				739B29062D8F07D200B0A6F2 /* Debug */,
				739B29072D8F07D200B0A6F2 /* Release */,
			);
			defaultConfigurationIsVisible = 0;
			defaultConfigurationName = Release;
		};
		739B29082D8F07D200B0A6F2 /* Build configuration list for PBXNativeTarget "sendboatsTests" */ = {
			isa = XCConfigurationList;
			buildConfigurations = (
				739B29092D8F07D200B0A6F2 /* Debug */,
				739B290A2D8F07D200B0A6F2 /* Release */,
			);
			defaultConfigurationIsVisible = 0;
			defaultConfigurationName = Release;
		};
		739B290B2D8F07D200B0A6F2 /* Build configuration list for PBXNativeTarget "sendboatsUITests" */ = {
			isa = XCConfigurationList;
			buildConfigurations = (
				739B290C2D8F07D200B0A6F2 /* Debug */,
				739B290D2D8F07D200B0A6F2 /* Release */,
			);
			defaultConfigurationIsVisible = 0;
			defaultConfigurationName = Release;
		};
/* End XCConfigurationList section */
	};
	rootObject = 739B28D92D8F07D100B0A6F2 /* Project object */;
}
