<?xml version="1.0" encoding="UTF-8"?>
<Scheme
   LastUpgradeVersion = "1630"
   wasCreatedForAppExtension = "YES"
   version = "2.0">
   <BuildAction
      parallelizeBuildables = "YES"
      buildImplicitDependencies = "YES"
      buildArchitectures = "Automatic"
      runPostActionsOnFailure = "YES">
      <PostActions>
         <ExecutionAction
            ActionType = "Xcode.IDEStandardExecutionActionsCore.ExecutionActionType.ShellScriptAction">
            <ActionContent
               title = "Run Script"
               scriptText = "#!/usr/bin/env bash&#10;set -euo pipefail&#10;trap &apos;echo &quot;&#x274c; Error on line $LINENO: $BASH_COMMAND&quot; &gt;&amp;2&apos; ERR&#10;&#10;# 1. Make sure Homebrew bins are on the PATH (Intel &amp; Apple Silicon)&#10;export PATH=&quot;/usr/local/bin:/opt/homebrew/bin:$PATH&quot;&#10;&#10;# 2. Verify xclogparser is installed&#10;command -v xclogparser &gt;/dev/null \&#10;  || { echo &quot;error: &apos;xclogparser&apos; not found. Install it with Homebrew:&quot; &gt;&amp;2; \&#10;       echo &quot;  brew install xclogparser&quot; &gt;&amp;2; exit 1; }&#10;&#10;# 3. Give Xcode a moment to emit the .xcactivitylog&#10;sleep 2&#10;&#10;# 4. Find the most&#x2010;recent DerivedData folder for this target&#10;DD_DIR=$(ls -dt &quot;${DERIVED_DATA_DIR}/${TARGET_NAME}-&quot;* 2&gt;/dev/null | head -n1)&#10;[[ -d &quot;$DD_DIR&quot; ]] \&#10;  || { echo &quot;error: Could not locate DerivedData for target &apos;$TARGET_NAME&apos;&quot; &gt;&amp;2; exit 1; }&#10;LOG_DIR=&quot;$DD_DIR/Logs/Build&quot;&#10;&#10;# 5. Retry once if no .xcactivitylog yet&#10;LATEST_LOG=&quot;&quot;&#10;for _ in 1 2; do&#10;  LATEST_LOG=$(ls -t &quot;$LOG_DIR&quot;/*.xcactivitylog 2&gt;/dev/null | head -n1 || true)&#10;  [[ -n &quot;$LATEST_LOG&quot; ]] &amp;&amp; break&#10;  sleep 1&#10;done&#10;[[ -r &quot;$LATEST_LOG&quot; ]] \&#10;  || { echo &quot;error: No .xcactivitylog found in:&quot; &gt;&amp;2; echo &quot;  $LOG_DIR&quot; &gt;&amp;2; exit 1; }&#10;&#10;# &#x2500;&#x2500;&#x2500;&#x2500;&#x2500;&#x2500;&#x2500;&#x2500;&#x2500;&#x2500;&#x2500;&#x2500;&#x2500;&#x2500;&#x2500;&#x2500;&#x2500;&#x2500;&#x2500;&#x2500;&#x2500;&#x2500;&#x2500;&#x2500;&#x2500;&#x2500;&#x2500;&#x2500;&#x2500;&#x2500;&#x2500;&#x2500;&#x2500;&#x2500;&#x2500;&#x2500;&#x2500;&#x2500;&#x2500;&#x2500;&#x2500;&#x2500;&#x2500;&#x2500;&#x2500;&#x2500;&#x2500;&#x2500;&#x2500;&#x2500;&#x2500;&#x2500;&#x2500;&#x2500;&#x2500;&#x2500;&#x2500;&#x2500;&#x2500;&#x2500;&#x2500;&#x2500;&#x2500;&#x2500;&#x2500;&#x2500;&#x2500;&#x2500;&#x2500;&#x2500;&#x2500;&#x2500;&#x2500;&#x2500;&#x2500;&#x2500;&#x2500;&#x2500;&#x2500;&#x2500;&#10;# 6. Determine a per&#x2010;scheme identifier&#10;#&#10;# You can optionally define SCHEME_NAME in your Scheme&#x2019;s&#10;# Arguments &#x25b6; Environment Variables to any custom string.&#10;# Otherwise we fall back to CONFIGURATION (Debug/Release).&#10;ID=&quot;${SCHEME_NAME:-$CONFIGURATION}&quot;&#10;&#10;# 7. Prepare output directory in project root&#10;OUTPUT_DIR=&quot;${SRCROOT}/Build/logs&quot;&#10;mkdir -p &quot;$OUTPUT_DIR&quot;&#10;OUTPUT_FILE=&quot;$OUTPUT_DIR/issues-${ID}.json&quot;&#10;&#10;# 8. Clean stale report &amp; suppress env-var warnings&#10;rm -f &quot;$OUTPUT_FILE&quot;&#10;unset SWIFT_DEBUG_INFORMATION_FORMAT SWIFT_DEBUG_INFORMATION_VERSION&#10;&#10;# 9. Parse out errors &amp; warnings into JSON&#10;xclogparser parse \&#10;  --file &quot;$LATEST_LOG&quot; \&#10;  --reporter issues \&#10;  --output &quot;$OUTPUT_FILE&quot;&#10;&#10;echo &quot;&#x2192; issues written to $OUTPUT_FILE&quot;&#10;">
               <EnvironmentBuildable>
                  <BuildableReference
                     BuildableIdentifier = "primary"
                     BlueprintIdentifier = "739B28E02D8F07D100B0A6F2"
                     BuildableName = "sendboats.app"
                     BlueprintName = "sendboats"
                     ReferencedContainer = "container:sendboats.xcodeproj">
                  </BuildableReference>
               </EnvironmentBuildable>
            </ActionContent>
         </ExecutionAction>
      </PostActions>
      <BuildActionEntries>
         <BuildActionEntry
            buildForTesting = "YES"
            buildForRunning = "YES"
            buildForProfiling = "YES"
            buildForArchiving = "YES"
            buildForAnalyzing = "YES">
            <BuildableReference
               BuildableIdentifier = "primary"
               BlueprintIdentifier = "739A229E2DC05A9900D4771C"
               BuildableName = "ShareExtension.appex"
               BlueprintName = "ShareExtension"
               ReferencedContainer = "container:sendboats.xcodeproj">
            </BuildableReference>
         </BuildActionEntry>
         <BuildActionEntry
            buildForTesting = "YES"
            buildForRunning = "YES"
            buildForProfiling = "YES"
            buildForArchiving = "YES"
            buildForAnalyzing = "YES">
            <BuildableReference
               BuildableIdentifier = "primary"
               BlueprintIdentifier = "739B28E02D8F07D100B0A6F2"
               BuildableName = "sendboats.app"
               BlueprintName = "sendboats"
               ReferencedContainer = "container:sendboats.xcodeproj">
            </BuildableReference>
         </BuildActionEntry>
      </BuildActionEntries>
   </BuildAction>
   <TestAction
      buildConfiguration = "Debug"
      selectedDebuggerIdentifier = "Xcode.DebuggerFoundation.Debugger.LLDB"
      selectedLauncherIdentifier = "Xcode.DebuggerFoundation.Launcher.LLDB"
      shouldUseLaunchSchemeArgsEnv = "YES"
      shouldAutocreateTestPlan = "YES">
   </TestAction>
   <LaunchAction
      buildConfiguration = "Debug"
      selectedDebuggerIdentifier = ""
      selectedLauncherIdentifier = "Xcode.IDEFoundation.Launcher.PosixSpawn"
      launchStyle = "0"
      askForAppToLaunch = "Yes"
      useCustomWorkingDirectory = "NO"
      ignoresPersistentStateOnLaunch = "NO"
      debugDocumentVersioning = "YES"
      debugServiceExtension = "internal"
      allowLocationSimulation = "YES"
      launchAutomaticallySubstyle = "2">
      <RemoteRunnable
         runnableDebuggingMode = "0"
         BundleIdentifier = "com.apple.mobileslideshow"
         RemotePath = "/var/containers/Bundle/Application/E63A5368-6D7E-4DE0-9C26-96876A777B81/Photos.app">
      </RemoteRunnable>
      <MacroExpansion>
         <BuildableReference
            BuildableIdentifier = "primary"
            BlueprintIdentifier = "739B28E02D8F07D100B0A6F2"
            BuildableName = "sendboats.app"
            BlueprintName = "sendboats"
            ReferencedContainer = "container:sendboats.xcodeproj">
         </BuildableReference>
      </MacroExpansion>
   </LaunchAction>
   <ProfileAction
      buildConfiguration = "Release"
      shouldUseLaunchSchemeArgsEnv = "YES"
      savedToolIdentifier = ""
      useCustomWorkingDirectory = "NO"
      debugDocumentVersioning = "YES"
      askForAppToLaunch = "Yes"
      launchAutomaticallySubstyle = "2">
      <BuildableProductRunnable
         runnableDebuggingMode = "0">
         <BuildableReference
            BuildableIdentifier = "primary"
            BlueprintIdentifier = "739B28E02D8F07D100B0A6F2"
            BuildableName = "sendboats.app"
            BlueprintName = "sendboats"
            ReferencedContainer = "container:sendboats.xcodeproj">
         </BuildableReference>
      </BuildableProductRunnable>
   </ProfileAction>
   <AnalyzeAction
      buildConfiguration = "Debug">
   </AnalyzeAction>
   <ArchiveAction
      buildConfiguration = "Release"
      revealArchiveInOrganizer = "YES">
   </ArchiveAction>
</Scheme>
